{
  "name": "landingpagesw",
  "version": "1.0.0",
  "lockfileVersion": 1,
  "requires": true,
  "dependencies": {
    "axios": {
      "version": "0.21.1",
      "resolved": "https://registry.npmjs.org/axios/-/axios-0.21.1.tgz",
      "integrity": "sha512-dKQiRHxGD9PPRIUNIWvZhPTPpl1rf/OxTYKsqKUDjBwYylTvV7SjSHJb9ratfyzM6wCdLCOYLzs73qpg5c4iGA==",
      "requires": {
        "follow-redirects": "^1.10.0"
      }
    },
    "follow-redirects": {
      "version": "1.13.1",
      "resolved": "https://registry.npmjs.org/follow-redirects/-/follow-redirects-1.13.1.tgz",
      "integrity": "sha512-SSG5xmZh1mkPGyKzjZP8zLjltIfpW32Y5QpdNJyjcfGxK3qo3NDDkZOZSFiGn1A6SclQxY9GzEwAHQ3dmYRWpg=="
    },
    "sweetalert2": {
      "version": "10.12.6",
      "resolved": "https://registry.npmjs.org/sweetalert2/-/sweetalert2-10.12.6.tgz",
      "integrity": "sha512-kkPRpNqP0wF9tAVu1Ygp4pQx4pXY/pgseyW3dOXXRu0S6s7HKfHEmpBUIZrBylRfeJFPOsSEk6sALSwKzNZ9RQ=="
    }
  }
}
